{
  "pins" : [
    {
      "identity" : "swift-argument-parser",
      "kind" : "remoteSourceControl",
      "location" : "https://github.com/apple/swift-argument-parser",
      "state" : {
        "revision" : "cdd0ef3755280949551dc26dee5de9ddeda89f54",
        "version" : "1.6.2"
      }
    },
    {
      "identity" : "swift-package-list",
      "kind" : "remoteSourceControl",
      "location" : "https://github.com/FelixHerrmann/swift-package-list.git",
      "state" : {
        "branch" : "master",
        "revision" : "82a84282d98bdc5730519278a2515ef920904eac"
      }
    }
  ],
  "version" : 2
}
