{
  "originHash" : "bc13b8ce024e43091eae0f00bb217abba557b0a57c642528ba808b1bd068c714",
  "pins" : [
    {
      "identity" : "ios-maps-sdk",
      "kind" : "remoteSourceControl",
      "location" : "https://github.com/googlemaps/ios-maps-sdk.git",
      "state" : {
        "revision" : "02f8f144ef266da44d50a68d1562ca051bac27cc",
        "version" : "9.4.0"
      }
    },
    {
      "identity" : "ios-places-sdk",
      "kind" : "remoteSourceControl",
      "location" : "https://github.com/googlemaps/ios-places-sdk.git",
      "state" : {
        "revision" : "f18c63a43ed8399a81e539525983377d63b7b003",
        "version" : "9.4.1"
      }
    }
  ],
  "version" : 3
}
