{
  "originHash" : "86637dc442c71104f75a56200546465ad0d0c21c1a9a5b1e03705a21c2aca070",
  "pins" : [
    {
      "identity" : "ios-maps-sdk",
      "kind" : "remoteSourceControl",
      "location" : "https://github.com/googlemaps/ios-maps-sdk.git",
      "state" : {
        "revision" : "02f8f144ef266da44d50a68d1562ca051bac27cc",
        "version" : "9.4.0"
      }
    },
    {
      "identity" : "ios-places-sdk",
      "kind" : "remoteSourceControl",
      "location" : "https://github.com/googlemaps/ios-places-sdk.git",
      "state" : {
        "revision" : "f18c63a43ed8399a81e539525983377d63b7b003",
        "version" : "9.4.1"
      }
    },
    {
      "identity" : "swiftlintplugins",
      "kind" : "remoteSourceControl",
      "location" : "https://github.com/SimplyDanny/SwiftLintPlugins",
      "state" : {
        "revision" : "ecafb5b056cb7995324f0d310a61f30661d00cad",
        "version" : "0.62.2"
      }
    }
  ],
  "version" : 3
}
